{
  "name": "midterm",
  "version": "1.0.0",
  "lockfileVersion": 1,
  "requires": true,
  "dependencies": {
    "@types/createjs-lib": {
      "version": "0.0.29",
      "resolved": "https://registry.npmjs.org/@types/createjs-lib/-/createjs-lib-0.0.29.tgz",
      "integrity": "sha1-+uguO6hgZmOxkOeJzsfZxyj8Qdc=",
      "dev": true
    },
    "@types/easeljs": {
      "version": "1.0.0",
      "resolved": "https://registry.npmjs.org/@types/easeljs/-/easeljs-1.0.0.tgz",
      "integrity": "sha512-DkhxqkgylaZGeuod35MCiv1Rix8GnBGv+URRBZt4rsMvhyi7Iap6SZbeEN5bD3b8BXHozHEKB/to9ohUDr3GIA==",
      "dev": true,
      "requires": {
        "@types/createjs-lib": "0.0.29",
        "@types/tweenjs": "1.0.0"
      }
    },
    "@types/preloadjs": {
      "version": "0.6.32",
      "resolved": "https://registry.npmjs.org/@types/preloadjs/-/preloadjs-0.6.32.tgz",
      "integrity": "sha1-Es/3x/kuODingNQ4zknIzsmBgw0=",
      "dev": true,
      "requires": {
        "@types/createjs-lib": "0.0.29"
      }
    },
    "@types/soundjs": {
      "version": "0.6.27",
      "resolved": "https://registry.npmjs.org/@types/soundjs/-/soundjs-0.6.27.tgz",
      "integrity": "sha1-3SNwNQ6vcnfeXtVZQOPn0qAWsSQ=",
      "dev": true,
      "requires": {
        "@types/createjs-lib": "0.0.29",
        "@types/preloadjs": "0.6.32"
      }
    },
    "@types/stats.js": {
      "version": "0.17.0",
      "resolved": "https://registry.npmjs.org/@types/stats.js/-/stats.js-0.17.0.tgz",
      "integrity": "sha512-9w+a7bR8PeB0dCT/HBULU2fMqf6BAzvKbxFboYhmDtDkKPiyXYbjoe2auwsXlEFI7CFNMF1dCv3dFH5Poy9R1w=="
    },
    "@types/tweenjs": {
      "version": "1.0.0",
      "resolved": "https://registry.npmjs.org/@types/tweenjs/-/tweenjs-1.0.0.tgz",
      "integrity": "sha512-qn0yChkBM0uCDdovXCyZT+HREWP5PaPWrGBuQZ0GIANHZ4E4PZ35vrczagmTyewRwTFJ82/TcYQAvozjNmfcTw==",
      "dev": true,
      "requires": {
        "@types/createjs-lib": "0.0.29"
      }
    },
    "easeljs": {
      "version": "1.0.2",
      "resolved": "https://registry.npmjs.org/easeljs/-/easeljs-1.0.2.tgz",
      "integrity": "sha512-PQTsiud32vrUIqZCbynjOJjCzoEp0xH+MRusRCdsZ1MzL4LCE2vp4Sa5cr6aShB3mK4vMZ8LFPnts4xuFhjEmg=="
    },
    "preloadjs": {
      "version": "1.0.1",
      "resolved": "https://registry.npmjs.org/preloadjs/-/preloadjs-1.0.1.tgz",
      "integrity": "sha512-XwdxL9bfoq9abJU4lVBJDVgbxWvQOk/BbuwXKEEG5BaduY7S8N1VXX4My5PM/UwW6Xf4uWAvWzwWlzb20uECxQ=="
    },
    "soundjs": {
      "version": "1.0.1",
      "resolved": "https://registry.npmjs.org/soundjs/-/soundjs-1.0.1.tgz",
      "integrity": "sha512-MgFPvmKYfpcNiE3X5XybNvScie3DMQlZgmNzUn4puBcpw64f4LqjH/fhM8Sb/eTJ8hK57Crr7mWy0bfJOqPj6Q=="
    },
    "stats.js": {
      "version": "0.17.0",
      "resolved": "https://registry.npmjs.org/stats.js/-/stats.js-0.17.0.tgz",
      "integrity": "sha1-scPcRtlEmLV4t/05hbgaznExzH0="
    },
    "tweenjs": {
      "version": "1.0.2",
      "resolved": "https://registry.npmjs.org/tweenjs/-/tweenjs-1.0.2.tgz",
      "integrity": "sha512-WnFozCNkUkmJtLqJyGrToxVojW2Srzudktr8BzFKQijQRVcmlq7Fc+qfo75ccnwIJGiRWbXKfg7qU67Tzbb1bg=="
    }
  }
}
