# THIS IS AN AUTOGENERATED FILE. DO NOT EDIT THIS FILE DIRECTLY.
# yarn lockfile v1


"@types/createjs-lib@*":
  version "0.0.29"
  resolved "https://registry.yarnpkg.com/@types/createjs-lib/-/createjs-lib-0.0.29.tgz#fae82e3ba8606663b190e789cec7d9c728fc41d7"

"@types/easeljs@^1.0.0":
  version "1.0.0"
  resolved "https://registry.yarnpkg.com/@types/easeljs/-/easeljs-1.0.0.tgz#b339ca0a8d0148819831b0140254d697fd46d974"
  dependencies:
    "@types/createjs-lib" "*"
    "@types/tweenjs" "*"

"@types/preloadjs@*", "@types/preloadjs@^0.6.32":
  version "0.6.32"
  resolved "https://registry.yarnpkg.com/@types/preloadjs/-/preloadjs-0.6.32.tgz#12cff7c7f92e3838a780d438ce49c8cec981830d"
  dependencies:
    "@types/createjs-lib" "*"

"@types/soundjs@^0.6.27":
  version "0.6.27"
  resolved "https://registry.yarnpkg.com/@types/soundjs/-/soundjs-0.6.27.tgz#dd2370350eaf7277de5ed55940e3e7d2a016b124"
  dependencies:
    "@types/createjs-lib" "*"
    "@types/preloadjs" "*"

"@types/stats.js@^0.17.0":
  version "0.17.0"
  resolved "https://registry.yarnpkg.com/@types/stats.js/-/stats.js-0.17.0.tgz#0ed81d48e03b590c24da85540c1d952077a9fe20"

"@types/tweenjs@*", "@types/tweenjs@^1.0.0":
  version "1.0.0"
  resolved "https://registry.yarnpkg.com/@types/tweenjs/-/tweenjs-1.0.0.tgz#a27b9e6abe27bac19ebbdb7de1d98c31ac40c064"
  dependencies:
    "@types/createjs-lib" "*"

easeljs@^1.0.2:
  version "1.0.2"
  resolved "https://registry.yarnpkg.com/easeljs/-/easeljs-1.0.2.tgz#68fdcc69d0f217394e2ebf51ae047428a81240de"

preloadjs@^1.0.1:
  version "1.0.1"
  resolved "https://registry.yarnpkg.com/preloadjs/-/preloadjs-1.0.1.tgz#71d14e94a8c94b1f6def2b01891d6bcd7e788c5d"

soundjs@^1.0.1:
  version "1.0.1"
  resolved "https://registry.yarnpkg.com/soundjs/-/soundjs-1.0.1.tgz#99970542d28d0df2a1ebd061ae75c961a98c8180"

stats.js@^0.17.0:
  version "0.17.0"
  resolved "https://registry.yarnpkg.com/stats.js/-/stats.js-0.17.0.tgz#b1c3dc46d94498b578b7fd3985b81ace7131cc7d"

tweenjs@^1.0.2:
  version "1.0.2"
  resolved "https://registry.yarnpkg.com/tweenjs/-/tweenjs-1.0.2.tgz#768869c4d4ba91fdb4c5ccc661969c58138555af"
